
Microsoft Visual Studio Solution File, Format Version 12.00
# Visual Studio 14
VisualStudioVersion = 14.0.24720.0
MinimumVisualStudioVersion = 10.0.40219.1
Project("{FAE04EC0-301F-11D3-BF4B-00C04F79EFBC}") = "ParagraphParserIntoDictionary", "ParagraphParserIntoDictionary\ParagraphParserIntoDictionary.csproj", "{CDEAD34E-6045-4644-B537-097225AFD1D7}"
EndProject
Project("{FAE04EC0-301F-11D3-BF4B-00C04F79EFBC}") = "ConsoleApplication1", "ConsoleApplication1\ConsoleApplication1.csproj", "{FF8C55B9-806D-4EBE-B6CC-1A80C0F9A9A3}"
EndProject
Project("{FAE04EC0-301F-11D3-BF4B-00C04F79EFBC}") = "WindowsFormsApplication1", "WindowsFormsApplication1\WindowsFormsApplication1.csproj", "{F5BF762F-B7FD-4DD3-B358-83B9EBABDAEB}"
EndProject
Global
	GlobalSection(SolutionConfigurationPlatforms) = preSolution
		Debug|Any CPU = Debug|Any CPU
		Release|Any CPU = Release|Any CPU
	EndGlobalSection
	GlobalSection(ProjectConfigurationPlatforms) = postSolution
		{CDEAD34E-6045-4644-B537-097225AFD1D7}.Debug|Any CPU.ActiveCfg = Debug|Any CPU
		{CDEAD34E-6045-4644-B537-097225AFD1D7}.Debug|Any CPU.Build.0 = Debug|Any CPU
		{CDEAD34E-6045-4644-B537-097225AFD1D7}.Release|Any CPU.ActiveCfg = Release|Any CPU
		{CDEAD34E-6045-4644-B537-097225AFD1D7}.Release|Any CPU.Build.0 = Release|Any CPU
		{FF8C55B9-806D-4EBE-B6CC-1A80C0F9A9A3}.Debug|Any CPU.ActiveCfg = Debug|Any CPU
		{FF8C55B9-806D-4EBE-B6CC-1A80C0F9A9A3}.Debug|Any CPU.Build.0 = Debug|Any CPU
		{FF8C55B9-806D-4EBE-B6CC-1A80C0F9A9A3}.Release|Any CPU.ActiveCfg = Release|Any CPU
		{FF8C55B9-806D-4EBE-B6CC-1A80C0F9A9A3}.Release|Any CPU.Build.0 = Release|Any CPU
		{F5BF762F-B7FD-4DD3-B358-83B9EBABDAEB}.Debug|Any CPU.ActiveCfg = Debug|Any CPU
		{F5BF762F-B7FD-4DD3-B358-83B9EBABDAEB}.Debug|Any CPU.Build.0 = Debug|Any CPU
		{F5BF762F-B7FD-4DD3-B358-83B9EBABDAEB}.Release|Any CPU.ActiveCfg = Release|Any CPU
		{F5BF762F-B7FD-4DD3-B358-83B9EBABDAEB}.Release|Any CPU.Build.0 = Release|Any CPU
	EndGlobalSection
	GlobalSection(SolutionProperties) = preSolution
		HideSolutionNode = FALSE
	EndGlobalSection
EndGlobal
